# This file is automatically @generated by Cargo.
# It is not intended for manual editing.
version = 4

[[package]]
name = "demo_rust"
version = "0.1.0"
dependencies = [
 "er_overlay_plugin_sdk",
]

[[package]]
name = "er_overlay_plugin_abi"
version = "1.4.3"

[[package]]
name = "er_overlay_plugin_sdk"
version = "1.4.3"
dependencies = [
 "er_overlay_plugin_abi",
]
